
Microsoft Visual Studio Solution File, Format Version 12.00
# Visual Studio Version 17
VisualStudioVersion = 17.0.31903.59
MinimumVisualStudioVersion = 10.0.40219.1
Project("{FAE04EC0-301F-11D3-BF4B-00C04F79EFBC}") = "IaNewsPipeline.Api", "IaNewsPipeline.Api\IaNewsPipeline.Api.csproj", "{8ABAF263-C938-4CD8-AA80-8B9793F42904}"
EndProject
Project("{FAE04EC0-301F-11D3-BF4B-00C04F79EFBC}") = "IaNewsPipeline.Worker", "IaNewsPipeline.Worker\IaNewsPipeline.Worker.csproj", "{D7668AA7-6BB6-4508-A264-F232B7C52372}"
EndProject
Project("{FAE04EC0-301F-11D3-BF4B-00C04F79EFBC}") = "IaNewsPipeline.Tests", "IaNewsPipeline.Tests\IaNewsPipeline.Tests.csproj", "{A88569C5-532D-41F7-B81F-8CDB75F0994B}"
EndProject
Global
	GlobalSection(SolutionConfigurationPlatforms) = preSolution
		Debug|Any CPU = Debug|Any CPU
		Debug|x64 = Debug|x64
		Debug|x86 = Debug|x86
		Release|Any CPU = Release|Any CPU
		Release|x64 = Release|x64
		Release|x86 = Release|x86
	EndGlobalSection
	GlobalSection(ProjectConfigurationPlatforms) = postSolution
		{8ABAF263-C938-4CD8-AA80-8B9793F42904}.Debug|Any CPU.ActiveCfg = Debug|Any CPU
		{8ABAF263-C938-4CD8-AA80-8B9793F42904}.Debug|Any CPU.Build.0 = Debug|Any CPU
		{8ABAF263-C938-4CD8-AA80-8B9793F42904}.Debug|x64.ActiveCfg = Debug|Any CPU
		{8ABAF263-C938-4CD8-AA80-8B9793F42904}.Debug|x64.Build.0 = Debug|Any CPU
		{8ABAF263-C938-4CD8-AA80-8B9793F42904}.Debug|x86.ActiveCfg = Debug|Any CPU
		{8ABAF263-C938-4CD8-AA80-8B9793F42904}.Debug|x86.Build.0 = Debug|Any CPU
		{8ABAF263-C938-4CD8-AA80-8B9793F42904}.Release|Any CPU.ActiveCfg = Release|Any CPU
		{8ABAF263-C938-4CD8-AA80-8B9793F42904}.Release|Any CPU.Build.0 = Release|Any CPU
		{8ABAF263-C938-4CD8-AA80-8B9793F42904}.Release|x64.ActiveCfg = Release|Any CPU
		{8ABAF263-C938-4CD8-AA80-8B9793F42904}.Release|x64.Build.0 = Release|Any CPU
		{8ABAF263-C938-4CD8-AA80-8B9793F42904}.Release|x86.ActiveCfg = Release|Any CPU
		{8ABAF263-C938-4CD8-AA80-8B9793F42904}.Release|x86.Build.0 = Release|Any CPU
		{D7668AA7-6BB6-4508-A264-F232B7C52372}.Debug|Any CPU.ActiveCfg = Debug|Any CPU
		{D7668AA7-6BB6-4508-A264-F232B7C52372}.Debug|Any CPU.Build.0 = Debug|Any CPU
		{D7668AA7-6BB6-4508-A264-F232B7C52372}.Debug|x64.ActiveCfg = Debug|Any CPU
		{D7668AA7-6BB6-4508-A264-F232B7C52372}.Debug|x64.Build.0 = Debug|Any CPU
		{D7668AA7-6BB6-4508-A264-F232B7C52372}.Debug|x86.ActiveCfg = Debug|Any CPU
		{D7668AA7-6BB6-4508-A264-F232B7C52372}.Debug|x86.Build.0 = Debug|Any CPU
		{D7668AA7-6BB6-4508-A264-F232B7C52372}.Release|Any CPU.ActiveCfg = Release|Any CPU
		{D7668AA7-6BB6-4508-A264-F232B7C52372}.Release|Any CPU.Build.0 = Release|Any CPU
		{D7668AA7-6BB6-4508-A264-F232B7C52372}.Release|x64.ActiveCfg = Release|Any CPU
		{D7668AA7-6BB6-4508-A264-F232B7C52372}.Release|x64.Build.0 = Release|Any CPU
		{D7668AA7-6BB6-4508-A264-F232B7C52372}.Release|x86.ActiveCfg = Release|Any CPU
		{D7668AA7-6BB6-4508-A264-F232B7C52372}.Release|x86.Build.0 = Release|Any CPU
		{A88569C5-532D-41F7-B81F-8CDB75F0994B}.Debug|Any CPU.ActiveCfg = Debug|Any CPU
		{A88569C5-532D-41F7-B81F-8CDB75F0994B}.Debug|Any CPU.Build.0 = Debug|Any CPU
		{A88569C5-532D-41F7-B81F-8CDB75F0994B}.Debug|x64.ActiveCfg = Debug|Any CPU
		{A88569C5-532D-41F7-B81F-8CDB75F0994B}.Debug|x64.Build.0 = Debug|Any CPU
		{A88569C5-532D-41F7-B81F-8CDB75F0994B}.Debug|x86.ActiveCfg = Debug|Any CPU
		{A88569C5-532D-41F7-B81F-8CDB75F0994B}.Debug|x86.Build.0 = Debug|Any CPU
		{A88569C5-532D-41F7-B81F-8CDB75F0994B}.Release|Any CPU.ActiveCfg = Release|Any CPU
		{A88569C5-532D-41F7-B81F-8CDB75F0994B}.Release|Any CPU.Build.0 = Release|Any CPU
		{A88569C5-532D-41F7-B81F-8CDB75F0994B}.Release|x64.ActiveCfg = Release|Any CPU
		{A88569C5-532D-41F7-B81F-8CDB75F0994B}.Release|x64.Build.0 = Release|Any CPU
		{A88569C5-532D-41F7-B81F-8CDB75F0994B}.Release|x86.ActiveCfg = Release|Any CPU
		{A88569C5-532D-41F7-B81F-8CDB75F0994B}.Release|x86.Build.0 = Release|Any CPU
	EndGlobalSection
	GlobalSection(SolutionProperties) = preSolution
		HideSolutionNode = FALSE
	EndGlobalSection
EndGlobal
